# This file was autogenerated by Stack.
# You should not edit this file by hand.
# For more information, please see the documentation at:
#   https://docs.haskellstack.org/en/stable/lock_files

packages:
- completed:
    hackage: docker-0.6.0.6@sha256:ca5fde1e57a021834bcf18d68aeee39efbded5526946e5297a4ed86452865b7f,4044
    pantry-tree:
      sha256: aa84f432a1017061e2bd18d8ab41d8d3afbfc121f0abf33c022aac094ba123ae
      size: 654
  original:
    hackage: docker-0.6.0.6
snapshots:
- completed:
    sha256: afd5ba64ab602cabc2d3942d3d7e7dd6311bc626dcb415b901eaf576cb62f0ea
    size: 640060
    url: https://raw.githubusercontent.com/commercialhaskell/stackage-snapshots/master/lts/21/22.yaml
  original:
    url: https://raw.githubusercontent.com/commercialhaskell/stackage-snapshots/master/lts/21/22.yaml
